// !$*UTF8*$!
{
	archiveVersion = 1;
	classes = {
	};
	objectVersion = 52;
	objects = {

/* Begin PBXBuildFile section */
		8C053FD323951A5900EFAEFB /* BooksDetail.swift in Sources */ = {isa = PBXBuildFile; fileRef = 8C053FD223951A5900EFAEFB /* BooksDetail.swift */; };
		8C053FD5239520C900EFAEFB /* BookComment.swift in Sources */ = {isa = PBXBuildFile; fileRef = 8C053FD4239520C900EFAEFB /* BookComment.swift */; };
		8C8ED61E239661FE006C5511 /* BookFormat.swift in Sources */ = {isa = PBXBuildFile; fileRef = 8C8ED61D239661FE006C5511 /* BookFormat.swift */; };
		8C8ED62023966C2F006C5511 /* ShareSheet.swift in Sources */ = {isa = PBXBuildFile; fileRef = 8C8ED61F23966C2F006C5511 /* ShareSheet.swift */; };
		8C8ED6292396720F006C5511 /* FilePresenterView.swift in Sources */ = {isa = PBXBuildFile; fileRef = 8C8ED6282396720F006C5511 /* FilePresenterView.swift */; };
		8C8ED62B23968A2B006C5511 /* SplashView.swift in Sources */ = {isa = PBXBuildFile; fileRef = 8C8ED62A23968A2B006C5511 /* SplashView.swift */; };
		8CB3CDB8239397FD008B30F6 /* AppDelegate.swift in Sources */ = {isa = PBXBuildFile; fileRef = 8CB3CDB7239397FD008B30F6 /* AppDelegate.swift */; };
		8CB3CDBA239397FD008B30F6 /* SceneDelegate.swift in Sources */ = {isa = PBXBuildFile; fileRef = 8CB3CDB9239397FD008B30F6 /* SceneDelegate.swift */; };
		8CB3CDBC239397FD008B30F6 /* ContentView.swift in Sources */ = {isa = PBXBuildFile; fileRef = 8CB3CDBB239397FD008B30F6 /* ContentView.swift */; };
		8CB3CDBE23939803008B30F6 /* Assets.xcassets in Resources */ = {isa = PBXBuildFile; fileRef = 8CB3CDBD23939803008B30F6 /* Assets.xcassets */; };
		8CB3CDC123939803008B30F6 /* Preview Assets.xcassets in Resources */ = {isa = PBXBuildFile; fileRef = 8CB3CDC023939803008B30F6 /* Preview Assets.xcassets */; };
		8CB3CDC423939803008B30F6 /* LaunchScreen.storyboard in Resources */ = {isa = PBXBuildFile; fileRef = 8CB3CDC223939803008B30F6 /* LaunchScreen.storyboard */; };
		8CB3CDCF23939803008B30F6 /* CalibreSync3Tests.swift in Sources */ = {isa = PBXBuildFile; fileRef = 8CB3CDCE23939803008B30F6 /* CalibreSync3Tests.swift */; };
		8CB3CDDA23939803008B30F6 /* CalibreSync3UITests.swift in Sources */ = {isa = PBXBuildFile; fileRef = 8CB3CDD923939803008B30F6 /* CalibreSync3UITests.swift */; };
		8CB3CDE8239398A6008B30F6 /* SettingStore.swift in Sources */ = {isa = PBXBuildFile; fileRef = 8CB3CDE7239398A6008B30F6 /* SettingStore.swift */; };
		8CB3CDEB2393AB35008B30F6 /* SettingsView.swift in Sources */ = {isa = PBXBuildFile; fileRef = 8CB3CDEA2393AB35008B30F6 /* SettingsView.swift */; };
		8CB3CDED2393B31E008B30F6 /* DirectoryPickerView.swift in Sources */ = {isa = PBXBuildFile; fileRef = 8CB3CDEC2393B31E008B30F6 /* DirectoryPickerView.swift */; };
		8CB3CDF02393BE47008B30F6 /* GRDB in Frameworks */ = {isa = PBXBuildFile; productRef = 8CB3CDEF2393BE47008B30F6 /* GRDB */; };
		8CB3CDF22393BE8C008B30F6 /* Book.swift in Sources */ = {isa = PBXBuildFile; fileRef = 8CB3CDF12393BE8C008B30F6 /* Book.swift */; };
		8CB3CDF52393C159008B30F6 /* CalibreDB.swift in Sources */ = {isa = PBXBuildFile; fileRef = 8CB3CDF42393C159008B30F6 /* CalibreDB.swift */; };
		8CB3CDF92393D04E008B30F6 /* QGrid in Frameworks */ = {isa = PBXBuildFile; productRef = 8CB3CDF82393D04E008B30F6 /* QGrid */; };
/* End PBXBuildFile section */

/* Begin PBXContainerItemProxy section */
		8CB3CDCB23939803008B30F6 /* PBXContainerItemProxy */ = {
			isa = PBXContainerItemProxy;
			containerPortal = 8CB3CDAC239397FD008B30F6 /* Project object */;
			proxyType = 1;
			remoteGlobalIDString = 8CB3CDB3239397FD008B30F6;
			remoteInfo = CalibreSync3;
		};
		8CB3CDD623939803008B30F6 /* PBXContainerItemProxy */ = {
			isa = PBXContainerItemProxy;
			containerPortal = 8CB3CDAC239397FD008B30F6 /* Project object */;
			proxyType = 1;
			remoteGlobalIDString = 8CB3CDB3239397FD008B30F6;
			remoteInfo = CalibreSync3;
		};
/* End PBXContainerItemProxy section */

/* Begin PBXFileReference section */
		8C053FD223951A5900EFAEFB /* BooksDetail.swift */ = {isa = PBXFileReference; lastKnownFileType = sourcecode.swift; path = BooksDetail.swift; sourceTree = "<group>"; };
		8C053FD4239520C900EFAEFB /* BookComment.swift */ = {isa = PBXFileReference; lastKnownFileType = sourcecode.swift; path = BookComment.swift; sourceTree = "<group>"; };
		8C8ED61D239661FE006C5511 /* BookFormat.swift */ = {isa = PBXFileReference; lastKnownFileType = sourcecode.swift; path = BookFormat.swift; sourceTree = "<group>"; };
		8C8ED61F23966C2F006C5511 /* ShareSheet.swift */ = {isa = PBXFileReference; fileEncoding = 4; lastKnownFileType = sourcecode.swift; path = ShareSheet.swift; sourceTree = "<group>"; };
		8C8ED6282396720F006C5511 /* FilePresenterView.swift */ = {isa = PBXFileReference; fileEncoding = 4; lastKnownFileType = sourcecode.swift; path = FilePresenterView.swift; sourceTree = "<group>"; };
		8C8ED62A23968A2B006C5511 /* SplashView.swift */ = {isa = PBXFileReference; lastKnownFileType = sourcecode.swift; path = SplashView.swift; sourceTree = "<group>"; };
		8CB3CDB4239397FD008B30F6 /* CalibreSync3.app */ = {isa = PBXFileReference; explicitFileType = wrapper.application; includeInIndex = 0; path = CalibreSync3.app; sourceTree = BUILT_PRODUCTS_DIR; };
		8CB3CDB7239397FD008B30F6 /* AppDelegate.swift */ = {isa = PBXFileReference; lastKnownFileType = sourcecode.swift; path = AppDelegate.swift; sourceTree = "<group>"; };
		8CB3CDB9239397FD008B30F6 /* SceneDelegate.swift */ = {isa = PBXFileReference; lastKnownFileType = sourcecode.swift; path = SceneDelegate.swift; sourceTree = "<group>"; };
		8CB3CDBB239397FD008B30F6 /* ContentView.swift */ = {isa = PBXFileReference; lastKnownFileType = sourcecode.swift; path = ContentView.swift; sourceTree = "<group>"; };
		8CB3CDBD23939803008B30F6 /* Assets.xcassets */ = {isa = PBXFileReference; lastKnownFileType = folder.assetcatalog; path = Assets.xcassets; sourceTree = "<group>"; };
		8CB3CDC023939803008B30F6 /* Preview Assets.xcassets */ = {isa = PBXFileReference; lastKnownFileType = folder.assetcatalog; path = "Preview Assets.xcassets"; sourceTree = "<group>"; };
		8CB3CDC323939803008B30F6 /* Base */ = {isa = PBXFileReference; lastKnownFileType = file.storyboard; name = Base; path = Base.lproj/LaunchScreen.storyboard; sourceTree = "<group>"; };
		8CB3CDC523939803008B30F6 /* Info.plist */ = {isa = PBXFileReference; lastKnownFileType = text.plist.xml; path = Info.plist; sourceTree = "<group>"; };
		8CB3CDCA23939803008B30F6 /* CalibreSync3Tests.xctest */ = {isa = PBXFileReference; explicitFileType = wrapper.cfbundle; includeInIndex = 0; path = CalibreSync3Tests.xctest; sourceTree = BUILT_PRODUCTS_DIR; };
		8CB3CDCE23939803008B30F6 /* CalibreSync3Tests.swift */ = {isa = PBXFileReference; lastKnownFileType = sourcecode.swift; path = CalibreSync3Tests.swift; sourceTree = "<group>"; };
		8CB3CDD023939803008B30F6 /* Info.plist */ = {isa = PBXFileReference; lastKnownFileType = text.plist.xml; path = Info.plist; sourceTree = "<group>"; };
		8CB3CDD523939803008B30F6 /* CalibreSync3UITests.xctest */ = {isa = PBXFileReference; explicitFileType = wrapper.cfbundle; includeInIndex = 0; path = CalibreSync3UITests.xctest; sourceTree = BUILT_PRODUCTS_DIR; };
		8CB3CDD923939803008B30F6 /* CalibreSync3UITests.swift */ = {isa = PBXFileReference; lastKnownFileType = sourcecode.swift; path = CalibreSync3UITests.swift; sourceTree = "<group>"; };
		8CB3CDDB23939803008B30F6 /* Info.plist */ = {isa = PBXFileReference; lastKnownFileType = text.plist.xml; path = Info.plist; sourceTree = "<group>"; };
		8CB3CDE7239398A6008B30F6 /* SettingStore.swift */ = {isa = PBXFileReference; lastKnownFileType = sourcecode.swift; path = SettingStore.swift; sourceTree = "<group>"; };
		8CB3CDEA2393AB35008B30F6 /* SettingsView.swift */ = {isa = PBXFileReference; lastKnownFileType = sourcecode.swift; path = SettingsView.swift; sourceTree = "<group>"; };
		8CB3CDEC2393B31E008B30F6 /* DirectoryPickerView.swift */ = {isa = PBXFileReference; lastKnownFileType = sourcecode.swift; path = DirectoryPickerView.swift; sourceTree = "<group>"; };
		8CB3CDF12393BE8C008B30F6 /* Book.swift */ = {isa = PBXFileReference; lastKnownFileType = sourcecode.swift; path = Book.swift; sourceTree = "<group>"; };
		8CB3CDF42393C159008B30F6 /* CalibreDB.swift */ = {isa = PBXFileReference; lastKnownFileType = sourcecode.swift; path = CalibreDB.swift; sourceTree = "<group>"; };
/* End PBXFileReference section */

/* Begin PBXFrameworksBuildPhase section */
		8CB3CDB1239397FD008B30F6 /* Frameworks */ = {
			isa = PBXFrameworksBuildPhase;
			buildActionMask = 2147483647;
			files = (
				8CB3CDF92393D04E008B30F6 /* QGrid in Frameworks */,
				8CB3CDF02393BE47008B30F6 /* GRDB in Frameworks */,
			);
			runOnlyForDeploymentPostprocessing = 0;
		};
		8CB3CDC723939803008B30F6 /* Frameworks */ = {
			isa = PBXFrameworksBuildPhase;
			buildActionMask = 2147483647;
			files = (
			);
			runOnlyForDeploymentPostprocessing = 0;
		};
		8CB3CDD223939803008B30F6 /* Frameworks */ = {
			isa = PBXFrameworksBuildPhase;
			buildActionMask = 2147483647;
			files = (
			);
			runOnlyForDeploymentPostprocessing = 0;
		};
/* End PBXFrameworksBuildPhase section */

/* Begin PBXGroup section */
		8C053FD62395220B00EFAEFB /* Models */ = {
			isa = PBXGroup;
			children = (
				8CB3CDF12393BE8C008B30F6 /* Book.swift */,
				8C053FD4239520C900EFAEFB /* BookComment.swift */,
				8C8ED61D239661FE006C5511 /* BookFormat.swift */,
			);
			path = Models;
			sourceTree = "<group>";
		};
		8CB3CDAB239397FD008B30F6 = {
			isa = PBXGroup;
			children = (
				8CB3CDB6239397FD008B30F6 /* CalibreSync3 */,
				8CB3CDCD23939803008B30F6 /* CalibreSync3Tests */,
				8CB3CDD823939803008B30F6 /* CalibreSync3UITests */,
				8CB3CDB5239397FD008B30F6 /* Products */,
			);
			sourceTree = "<group>";
		};
		8CB3CDB5239397FD008B30F6 /* Products */ = {
			isa = PBXGroup;
			children = (
				8CB3CDB4239397FD008B30F6 /* CalibreSync3.app */,
				8CB3CDCA23939803008B30F6 /* CalibreSync3Tests.xctest */,
				8CB3CDD523939803008B30F6 /* CalibreSync3UITests.xctest */,
			);
			name = Products;
			sourceTree = "<group>";
		};
		8CB3CDB6239397FD008B30F6 /* CalibreSync3 */ = {
			isa = PBXGroup;
			children = (
				8CB3CDB7239397FD008B30F6 /* AppDelegate.swift */,
				8CB3CDB9239397FD008B30F6 /* SceneDelegate.swift */,
				8CB3CDBB239397FD008B30F6 /* ContentView.swift */,
				8CB3CDF62393C178008B30F6 /* Database */,
				8CB3CDF32393BFB4008B30F6 /* Books */,
				8CCE46712396946C00A327AB /* Sharing */,
				8CB3CDE9239399CE008B30F6 /* Settings */,
				8CB3CDBD23939803008B30F6 /* Assets.xcassets */,
				8CB3CDC223939803008B30F6 /* LaunchScreen.storyboard */,
				8CB3CDC523939803008B30F6 /* Info.plist */,
				8CB3CDBF23939803008B30F6 /* Preview Content */,
				8C8ED62A23968A2B006C5511 /* SplashView.swift */,
			);
			path = CalibreSync3;
			sourceTree = "<group>";
		};
		8CB3CDBF23939803008B30F6 /* Preview Content */ = {
			isa = PBXGroup;
			children = (
				8CB3CDC023939803008B30F6 /* Preview Assets.xcassets */,
			);
			path = "Preview Content";
			sourceTree = "<group>";
		};
		8CB3CDCD23939803008B30F6 /* CalibreSync3Tests */ = {
			isa = PBXGroup;
			children = (
				8CB3CDCE23939803008B30F6 /* CalibreSync3Tests.swift */,
				8CB3CDD023939803008B30F6 /* Info.plist */,
			);
			path = CalibreSync3Tests;
			sourceTree = "<group>";
		};
		8CB3CDD823939803008B30F6 /* CalibreSync3UITests */ = {
			isa = PBXGroup;
			children = (
				8CB3CDD923939803008B30F6 /* CalibreSync3UITests.swift */,
				8CB3CDDB23939803008B30F6 /* Info.plist */,
			);
			path = CalibreSync3UITests;
			sourceTree = "<group>";
		};
		8CB3CDE9239399CE008B30F6 /* Settings */ = {
			isa = PBXGroup;
			children = (
				8CB3CDE7239398A6008B30F6 /* SettingStore.swift */,
				8CB3CDEA2393AB35008B30F6 /* SettingsView.swift */,
				8CB3CDEC2393B31E008B30F6 /* DirectoryPickerView.swift */,
			);
			path = Settings;
			sourceTree = "<group>";
		};
		8CB3CDF32393BFB4008B30F6 /* Books */ = {
			isa = PBXGroup;
			children = (
				8C053FD62395220B00EFAEFB /* Models */,
				8C053FD223951A5900EFAEFB /* BooksDetail.swift */,
			);
			path = Books;
			sourceTree = "<group>";
		};
		8CB3CDF62393C178008B30F6 /* Database */ = {
			isa = PBXGroup;
			children = (
				8CB3CDF42393C159008B30F6 /* CalibreDB.swift */,
			);
			path = Database;
			sourceTree = "<group>";
		};
		8CCE46712396946C00A327AB /* Sharing */ = {
			isa = PBXGroup;
			children = (
				8C8ED61F23966C2F006C5511 /* ShareSheet.swift */,
				8C8ED6282396720F006C5511 /* FilePresenterView.swift */,
			);
			path = Sharing;
			sourceTree = "<group>";
		};
/* End PBXGroup section */

/* Begin PBXNativeTarget section */
		8CB3CDB3239397FD008B30F6 /* CalibreSync3 */ = {
			isa = PBXNativeTarget;
			buildConfigurationList = 8CB3CDDE23939803008B30F6 /* Build configuration list for PBXNativeTarget "CalibreSync3" */;
			buildPhases = (
				8CB3CDB0239397FD008B30F6 /* Sources */,
				8CB3CDB1239397FD008B30F6 /* Frameworks */,
				8CB3CDB2239397FD008B30F6 /* Resources */,
			);
			buildRules = (
			);
			dependencies = (
			);
			name = CalibreSync3;
			packageProductDependencies = (
				8CB3CDEF2393BE47008B30F6 /* GRDB */,
				8CB3CDF82393D04E008B30F6 /* QGrid */,
			);
			productName = CalibreSync3;
			productReference = 8CB3CDB4239397FD008B30F6 /* CalibreSync3.app */;
			productType = "com.apple.product-type.application";
		};
		8CB3CDC923939803008B30F6 /* CalibreSync3Tests */ = {
			isa = PBXNativeTarget;
			buildConfigurationList = 8CB3CDE123939803008B30F6 /* Build configuration list for PBXNativeTarget "CalibreSync3Tests" */;
			buildPhases = (
				8CB3CDC623939803008B30F6 /* Sources */,
				8CB3CDC723939803008B30F6 /* Frameworks */,
				8CB3CDC823939803008B30F6 /* Resources */,
			);
			buildRules = (
			);
			dependencies = (
				8CB3CDCC23939803008B30F6 /* PBXTargetDependency */,
			);
			name = CalibreSync3Tests;
			productName = CalibreSync3Tests;
			productReference = 8CB3CDCA23939803008B30F6 /* CalibreSync3Tests.xctest */;
			productType = "com.apple.product-type.bundle.unit-test";
		};
		8CB3CDD423939803008B30F6 /* CalibreSync3UITests */ = {
			isa = PBXNativeTarget;
			buildConfigurationList = 8CB3CDE423939803008B30F6 /* Build configuration list for PBXNativeTarget "CalibreSync3UITests" */;
			buildPhases = (
				8CB3CDD123939803008B30F6 /* Sources */,
				8CB3CDD223939803008B30F6 /* Frameworks */,
				8CB3CDD323939803008B30F6 /* Resources */,
			);
			buildRules = (
			);
			dependencies = (
				8CB3CDD723939803008B30F6 /* PBXTargetDependency */,
			);
			name = CalibreSync3UITests;
			productName = CalibreSync3UITests;
			productReference = 8CB3CDD523939803008B30F6 /* CalibreSync3UITests.xctest */;
			productType = "com.apple.product-type.bundle.ui-testing";
		};
/* End PBXNativeTarget section */

/* Begin PBXProject section */
		8CB3CDAC239397FD008B30F6 /* Project object */ = {
			isa = PBXProject;
			attributes = {
				LastSwiftUpdateCheck = 1120;
				LastUpgradeCheck = 1120;
				ORGANIZATIONNAME = "Sumanth Peddamatham";
				TargetAttributes = {
					8CB3CDB3239397FD008B30F6 = {
						CreatedOnToolsVersion = 11.2.1;
					};
					8CB3CDC923939803008B30F6 = {
						CreatedOnToolsVersion = 11.2.1;
						TestTargetID = 8CB3CDB3239397FD008B30F6;
					};
					8CB3CDD423939803008B30F6 = {
						CreatedOnToolsVersion = 11.2.1;
						TestTargetID = 8CB3CDB3239397FD008B30F6;
					};
				};
			};
			buildConfigurationList = 8CB3CDAF239397FD008B30F6 /* Build configuration list for PBXProject "CalibreSync3" */;
			compatibilityVersion = "Xcode 9.3";
			developmentRegion = en;
			hasScannedForEncodings = 0;
			knownRegions = (
				en,
				Base,
			);
			mainGroup = 8CB3CDAB239397FD008B30F6;
			packageReferences = (
				8CB3CDEE2393BE47008B30F6 /* XCRemoteSwiftPackageReference "GRDB.swift" */,
				8CB3CDF72393D04D008B30F6 /* XCRemoteSwiftPackageReference "QGrid" */,
			);
			productRefGroup = 8CB3CDB5239397FD008B30F6 /* Products */;
			projectDirPath = "";
			projectRoot = "";
			targets = (
				8CB3CDB3239397FD008B30F6 /* CalibreSync3 */,
				8CB3CDC923939803008B30F6 /* CalibreSync3Tests */,
				8CB3CDD423939803008B30F6 /* CalibreSync3UITests */,
			);
		};
/* End PBXProject section */

/* Begin PBXResourcesBuildPhase section */
		8CB3CDB2239397FD008B30F6 /* Resources */ = {
			isa = PBXResourcesBuildPhase;
			buildActionMask = 2147483647;
			files = (
				8CB3CDC423939803008B30F6 /* LaunchScreen.storyboard in Resources */,
				8CB3CDC123939803008B30F6 /* Preview Assets.xcassets in Resources */,
				8CB3CDBE23939803008B30F6 /* Assets.xcassets in Resources */,
			);
			runOnlyForDeploymentPostprocessing = 0;
		};
		8CB3CDC823939803008B30F6 /* Resources */ = {
			isa = PBXResourcesBuildPhase;
			buildActionMask = 2147483647;
			files = (
			);
			runOnlyForDeploymentPostprocessing = 0;
		};
		8CB3CDD323939803008B30F6 /* Resources */ = {
			isa = PBXResourcesBuildPhase;
			buildActionMask = 2147483647;
			files = (
			);
			runOnlyForDeploymentPostprocessing = 0;
		};
/* End PBXResourcesBuildPhase section */

/* Begin PBXSourcesBuildPhase section */
		8CB3CDB0239397FD008B30F6 /* Sources */ = {
			isa = PBXSourcesBuildPhase;
			buildActionMask = 2147483647;
			files = (
				8C8ED6292396720F006C5511 /* FilePresenterView.swift in Sources */,
				8C053FD5239520C900EFAEFB /* BookComment.swift in Sources */,
				8CB3CDED2393B31E008B30F6 /* DirectoryPickerView.swift in Sources */,
				8CB3CDEB2393AB35008B30F6 /* SettingsView.swift in Sources */,
				8CB3CDF52393C159008B30F6 /* CalibreDB.swift in Sources */,
				8CB3CDE8239398A6008B30F6 /* SettingStore.swift in Sources */,
				8CB3CDF22393BE8C008B30F6 /* Book.swift in Sources */,
				8C8ED61E239661FE006C5511 /* BookFormat.swift in Sources */,
				8C8ED62023966C2F006C5511 /* ShareSheet.swift in Sources */,
				8C053FD323951A5900EFAEFB /* BooksDetail.swift in Sources */,
				8CB3CDB8239397FD008B30F6 /* AppDelegate.swift in Sources */,
				8CB3CDBA239397FD008B30F6 /* SceneDelegate.swift in Sources */,
				8CB3CDBC239397FD008B30F6 /* ContentView.swift in Sources */,
				8C8ED62B23968A2B006C5511 /* SplashView.swift in Sources */,
			);
			runOnlyForDeploymentPostprocessing = 0;
		};
		8CB3CDC623939803008B30F6 /* Sources */ = {
			isa = PBXSourcesBuildPhase;
			buildActionMask = 2147483647;
			files = (
				8CB3CDCF23939803008B30F6 /* CalibreSync3Tests.swift in Sources */,
			);
			runOnlyForDeploymentPostprocessing = 0;
		};
		8CB3CDD123939803008B30F6 /* Sources */ = {
			isa = PBXSourcesBuildPhase;
			buildActionMask = 2147483647;
			files = (
				8CB3CDDA23939803008B30F6 /* CalibreSync3UITests.swift in Sources */,
			);
			runOnlyForDeploymentPostprocessing = 0;
		};
/* End PBXSourcesBuildPhase section */

/* Begin PBXTargetDependency section */
		8CB3CDCC23939803008B30F6 /* PBXTargetDependency */ = {
			isa = PBXTargetDependency;
			target = 8CB3CDB3239397FD008B30F6 /* CalibreSync3 */;
			targetProxy = 8CB3CDCB23939803008B30F6 /* PBXContainerItemProxy */;
		};
		8CB3CDD723939803008B30F6 /* PBXTargetDependency */ = {
			isa = PBXTargetDependency;
			target = 8CB3CDB3239397FD008B30F6 /* CalibreSync3 */;
			targetProxy = 8CB3CDD623939803008B30F6 /* PBXContainerItemProxy */;
		};
/* End PBXTargetDependency section */

/* Begin PBXVariantGroup section */
		8CB3CDC223939803008B30F6 /* LaunchScreen.storyboard */ = {
			isa = PBXVariantGroup;
			children = (
				8CB3CDC323939803008B30F6 /* Base */,
			);
			name = LaunchScreen.storyboard;
			sourceTree = "<group>";
		};
/* End PBXVariantGroup section */

/* Begin XCBuildConfiguration section */
		8CB3CDDC23939803008B30F6 /* Debug */ = {
			isa = XCBuildConfiguration;
			buildSettings = {
				ALWAYS_SEARCH_USER_PATHS = NO;
				CLANG_ANALYZER_NONNULL = YES;
				CLANG_ANALYZER_NUMBER_OBJECT_CONVERSION = YES_AGGRESSIVE;
				CLANG_CXX_LANGUAGE_STANDARD = "gnu++14";
				CLANG_CXX_LIBRARY = "libc++";
				CLANG_ENABLE_MODULES = YES;
				CLANG_ENABLE_OBJC_ARC = YES;
				CLANG_ENABLE_OBJC_WEAK = YES;
				CLANG_WARN_BLOCK_CAPTURE_AUTORELEASING = YES;
				CLANG_WARN_BOOL_CONVERSION = YES;
				CLANG_WARN_COMMA = YES;
				CLANG_WARN_CONSTANT_CONVERSION = YES;
				CLANG_WARN_DEPRECATED_OBJC_IMPLEMENTATIONS = YES;
				CLANG_WARN_DIRECT_OBJC_ISA_USAGE = YES_ERROR;
				CLANG_WARN_DOCUMENTATION_COMMENTS = YES;
				CLANG_WARN_EMPTY_BODY = YES;
				CLANG_WARN_ENUM_CONVERSION = YES;
				CLANG_WARN_INFINITE_RECURSION = YES;
				CLANG_WARN_INT_CONVERSION = YES;
				CLANG_WARN_NON_LITERAL_NULL_CONVERSION = YES;
				CLANG_WARN_OBJC_IMPLICIT_RETAIN_SELF = YES;
				CLANG_WARN_OBJC_LITERAL_CONVERSION = YES;
				CLANG_WARN_OBJC_ROOT_CLASS = YES_ERROR;
				CLANG_WARN_RANGE_LOOP_ANALYSIS = YES;
				CLANG_WARN_STRICT_PROTOTYPES = YES;
				CLANG_WARN_SUSPICIOUS_MOVE = YES;
				CLANG_WARN_UNGUARDED_AVAILABILITY = YES_AGGRESSIVE;
				CLANG_WARN_UNREACHABLE_CODE = YES;
				CLANG_WARN__DUPLICATE_METHOD_MATCH = YES;
				COPY_PHASE_STRIP = NO;
				DEAD_CODE_STRIPPING = YES;
				DEBUG_INFORMATION_FORMAT = dwarf;
				ENABLE_STRICT_OBJC_MSGSEND = YES;
				ENABLE_TESTABILITY = YES;
				GCC_C_LANGUAGE_STANDARD = gnu11;
				GCC_DYNAMIC_NO_PIC = NO;
				GCC_NO_COMMON_BLOCKS = YES;
				GCC_OPTIMIZATION_LEVEL = 0;
				GCC_PREPROCESSOR_DEFINITIONS = (
					"DEBUG=1",
					"$(inherited)",
				);
				GCC_WARN_64_TO_32_BIT_CONVERSION = YES;
				GCC_WARN_ABOUT_RETURN_TYPE = YES_ERROR;
				GCC_WARN_UNDECLARED_SELECTOR = YES;
				GCC_WARN_UNINITIALIZED_AUTOS = YES_AGGRESSIVE;
				GCC_WARN_UNUSED_FUNCTION = YES;
				GCC_WARN_UNUSED_VARIABLE = YES;
				IPHONEOS_DEPLOYMENT_TARGET = 13.2;
				MTL_ENABLE_DEBUG_INFO = INCLUDE_SOURCE;
				MTL_FAST_MATH = YES;
				ONLY_ACTIVE_ARCH = YES;
				SDKROOT = iphoneos;
				SWIFT_ACTIVE_COMPILATION_CONDITIONS = DEBUG;
				SWIFT_OPTIMIZATION_LEVEL = "-Onone";
			};
			name = Debug;
		};
		8CB3CDDD23939803008B30F6 /* Release */ = {
			isa = XCBuildConfiguration;
			buildSettings = {
				ALWAYS_SEARCH_USER_PATHS = NO;
				CLANG_ANALYZER_NONNULL = YES;
				CLANG_ANALYZER_NUMBER_OBJECT_CONVERSION = YES_AGGRESSIVE;
				CLANG_CXX_LANGUAGE_STANDARD = "gnu++14";
				CLANG_CXX_LIBRARY = "libc++";
				CLANG_ENABLE_MODULES = YES;
				CLANG_ENABLE_OBJC_ARC = YES;
				CLANG_ENABLE_OBJC_WEAK = YES;
				CLANG_WARN_BLOCK_CAPTURE_AUTORELEASING = YES;
				CLANG_WARN_BOOL_CONVERSION = YES;
				CLANG_WARN_COMMA = YES;
				CLANG_WARN_CONSTANT_CONVERSION = YES;
				CLANG_WARN_DEPRECATED_OBJC_IMPLEMENTATIONS = YES;
				CLANG_WARN_DIRECT_OBJC_ISA_USAGE = YES_ERROR;
				CLANG_WARN_DOCUMENTATION_COMMENTS = YES;
				CLANG_WARN_EMPTY_BODY = YES;
				CLANG_WARN_ENUM_CONVERSION = YES;
				CLANG_WARN_INFINITE_RECURSION = YES;
				CLANG_WARN_INT_CONVERSION = YES;
				CLANG_WARN_NON_LITERAL_NULL_CONVERSION = YES;
				CLANG_WARN_OBJC_IMPLICIT_RETAIN_SELF = YES;
				CLANG_WARN_OBJC_LITERAL_CONVERSION = YES;
				CLANG_WARN_OBJC_ROOT_CLASS = YES_ERROR;
				CLANG_WARN_RANGE_LOOP_ANALYSIS = YES;
				CLANG_WARN_STRICT_PROTOTYPES = YES;
				CLANG_WARN_SUSPICIOUS_MOVE = YES;
				CLANG_WARN_UNGUARDED_AVAILABILITY = YES_AGGRESSIVE;
				CLANG_WARN_UNREACHABLE_CODE = YES;
				CLANG_WARN__DUPLICATE_METHOD_MATCH = YES;
				COPY_PHASE_STRIP = NO;
				DEAD_CODE_STRIPPING = YES;
				DEBUG_INFORMATION_FORMAT = "dwarf-with-dsym";
				ENABLE_NS_ASSERTIONS = NO;
				ENABLE_STRICT_OBJC_MSGSEND = YES;
				GCC_C_LANGUAGE_STANDARD = gnu11;
				GCC_NO_COMMON_BLOCKS = YES;
				GCC_WARN_64_TO_32_BIT_CONVERSION = YES;
				GCC_WARN_ABOUT_RETURN_TYPE = YES_ERROR;
				GCC_WARN_UNDECLARED_SELECTOR = YES;
				GCC_WARN_UNINITIALIZED_AUTOS = YES_AGGRESSIVE;
				GCC_WARN_UNUSED_FUNCTION = YES;
				GCC_WARN_UNUSED_VARIABLE = YES;
				IPHONEOS_DEPLOYMENT_TARGET = 13.2;
				MTL_ENABLE_DEBUG_INFO = NO;
				MTL_FAST_MATH = YES;
				SDKROOT = iphoneos;
				SWIFT_COMPILATION_MODE = wholemodule;
				SWIFT_OPTIMIZATION_LEVEL = "-O";
				VALIDATE_PRODUCT = YES;
			};
			name = Release;
		};
		8CB3CDDF23939803008B30F6 /* Debug */ = {
			isa = XCBuildConfiguration;
			buildSettings = {
				ASSETCATALOG_COMPILER_APPICON_NAME = AppIcon;
				CODE_SIGN_STYLE = Automatic;
				DEVELOPMENT_ASSET_PATHS = "\"CalibreSync3/Preview Content\"";
				DEVELOPMENT_TEAM = 76PMGHFNNX;
				ENABLE_PREVIEWS = YES;
				INFOPLIST_FILE = CalibreSync3/Info.plist;
				LD_RUNPATH_SEARCH_PATHS = (
					"$(inherited)",
					"@executable_path/Frameworks",
				);
				PRODUCT_BUNDLE_IDENTIFIER = io.technogystrategy.CalibreSync3;
				PRODUCT_NAME = "$(TARGET_NAME)";
				SWIFT_VERSION = 5.0;
				TARGETED_DEVICE_FAMILY = "1,2";
			};
			name = Debug;
		};
		8CB3CDE023939803008B30F6 /* Release */ = {
			isa = XCBuildConfiguration;
			buildSettings = {
				ASSETCATALOG_COMPILER_APPICON_NAME = AppIcon;
				CODE_SIGN_STYLE = Automatic;
				DEVELOPMENT_ASSET_PATHS = "\"CalibreSync3/Preview Content\"";
				DEVELOPMENT_TEAM = 76PMGHFNNX;
				ENABLE_PREVIEWS = YES;
				INFOPLIST_FILE = CalibreSync3/Info.plist;
				LD_RUNPATH_SEARCH_PATHS = (
					"$(inherited)",
					"@executable_path/Frameworks",
				);
				PRODUCT_BUNDLE_IDENTIFIER = io.technogystrategy.CalibreSync3;
				PRODUCT_NAME = "$(TARGET_NAME)";
				SWIFT_VERSION = 5.0;
				TARGETED_DEVICE_FAMILY = "1,2";
			};
			name = Release;
		};
		8CB3CDE223939803008B30F6 /* Debug */ = {
			isa = XCBuildConfiguration;
			buildSettings = {
				ALWAYS_EMBED_SWIFT_STANDARD_LIBRARIES = YES;
				BUNDLE_LOADER = "$(TEST_HOST)";
				CODE_SIGN_STYLE = Automatic;
				DEVELOPMENT_TEAM = 76PMGHFNNX;
				INFOPLIST_FILE = CalibreSync3Tests/Info.plist;
				IPHONEOS_DEPLOYMENT_TARGET = 13.2;
				LD_RUNPATH_SEARCH_PATHS = (
					"$(inherited)",
					"@executable_path/Frameworks",
					"@loader_path/Frameworks",
				);
				PRODUCT_BUNDLE_IDENTIFIER = io.technogystrategy.CalibreSync3Tests;
				PRODUCT_NAME = "$(TARGET_NAME)";
				SWIFT_VERSION = 5.0;
				TARGETED_DEVICE_FAMILY = "1,2";
				TEST_HOST = "$(BUILT_PRODUCTS_DIR)/CalibreSync3.app/CalibreSync3";
			};
			name = Debug;
		};
		8CB3CDE323939803008B30F6 /* Release */ = {
			isa = XCBuildConfiguration;
			buildSettings = {
				ALWAYS_EMBED_SWIFT_STANDARD_LIBRARIES = YES;
				BUNDLE_LOADER = "$(TEST_HOST)";
				CODE_SIGN_STYLE = Automatic;
				DEVELOPMENT_TEAM = 76PMGHFNNX;
				INFOPLIST_FILE = CalibreSync3Tests/Info.plist;
				IPHONEOS_DEPLOYMENT_TARGET = 13.2;
				LD_RUNPATH_SEARCH_PATHS = (
					"$(inherited)",
					"@executable_path/Frameworks",
					"@loader_path/Frameworks",
				);
				PRODUCT_BUNDLE_IDENTIFIER = io.technogystrategy.CalibreSync3Tests;
				PRODUCT_NAME = "$(TARGET_NAME)";
				SWIFT_VERSION = 5.0;
				TARGETED_DEVICE_FAMILY = "1,2";
				TEST_HOST = "$(BUILT_PRODUCTS_DIR)/CalibreSync3.app/CalibreSync3";
			};
			name = Release;
		};
		8CB3CDE523939803008B30F6 /* Debug */ = {
			isa = XCBuildConfiguration;
			buildSettings = {
				ALWAYS_EMBED_SWIFT_STANDARD_LIBRARIES = YES;
				CODE_SIGN_STYLE = Automatic;
				DEVELOPMENT_TEAM = 76PMGHFNNX;
				INFOPLIST_FILE = CalibreSync3UITests/Info.plist;
				LD_RUNPATH_SEARCH_PATHS = (
					"$(inherited)",
					"@executable_path/Frameworks",
					"@loader_path/Frameworks",
				);
				PRODUCT_BUNDLE_IDENTIFIER = io.technogystrategy.CalibreSync3UITests;
				PRODUCT_NAME = "$(TARGET_NAME)";
				SWIFT_VERSION = 5.0;
				TARGETED_DEVICE_FAMILY = "1,2";
				TEST_TARGET_NAME = CalibreSync3;
			};
			name = Debug;
		};
		8CB3CDE623939803008B30F6 /* Release */ = {
			isa = XCBuildConfiguration;
			buildSettings = {
				ALWAYS_EMBED_SWIFT_STANDARD_LIBRARIES = YES;
				CODE_SIGN_STYLE = Automatic;
				DEVELOPMENT_TEAM = 76PMGHFNNX;
				INFOPLIST_FILE = CalibreSync3UITests/Info.plist;
				LD_RUNPATH_SEARCH_PATHS = (
					"$(inherited)",
					"@executable_path/Frameworks",
					"@loader_path/Frameworks",
				);
				PRODUCT_BUNDLE_IDENTIFIER = io.technogystrategy.CalibreSync3UITests;
				PRODUCT_NAME = "$(TARGET_NAME)";
				SWIFT_VERSION = 5.0;
				TARGETED_DEVICE_FAMILY = "1,2";
				TEST_TARGET_NAME = CalibreSync3;
			};
			name = Release;
		};
/* End XCBuildConfiguration section */

/* Begin XCConfigurationList section */
		8CB3CDAF239397FD008B30F6 /* Build configuration list for PBXProject "CalibreSync3" */ = {
			isa = XCConfigurationList;
			buildConfigurations = (
				8CB3CDDC23939803008B30F6 /* Debug */,
				8CB3CDDD23939803008B30F6 /* Release */,
			);
			defaultConfigurationIsVisible = 0;
			defaultConfigurationName = Release;
		};
		8CB3CDDE23939803008B30F6 /* Build configuration list for PBXNativeTarget "CalibreSync3" */ = {
			isa = XCConfigurationList;
			buildConfigurations = (
				8CB3CDDF23939803008B30F6 /* Debug */,
				8CB3CDE023939803008B30F6 /* Release */,
			);
			defaultConfigurationIsVisible = 0;
			defaultConfigurationName = Release;
		};
		8CB3CDE123939803008B30F6 /* Build configuration list for PBXNativeTarget "CalibreSync3Tests" */ = {
			isa = XCConfigurationList;
			buildConfigurations = (
				8CB3CDE223939803008B30F6 /* Debug */,
				8CB3CDE323939803008B30F6 /* Release */,
			);
			defaultConfigurationIsVisible = 0;
			defaultConfigurationName = Release;
		};
		8CB3CDE423939803008B30F6 /* Build configuration list for PBXNativeTarget "CalibreSync3UITests" */ = {
			isa = XCConfigurationList;
			buildConfigurations = (
				8CB3CDE523939803008B30F6 /* Debug */,
				8CB3CDE623939803008B30F6 /* Release */,
			);
			defaultConfigurationIsVisible = 0;
			defaultConfigurationName = Release;
		};
/* End XCConfigurationList section */

/* Begin XCRemoteSwiftPackageReference section */
		8CB3CDEE2393BE47008B30F6 /* XCRemoteSwiftPackageReference "GRDB.swift" */ = {
			isa = XCRemoteSwiftPackageReference;
			repositoryURL = "https://github.com/groue/GRDB.swift.git";
			requirement = {
				kind = upToNextMajorVersion;
				minimumVersion = 4.6.2;
			};
		};
		8CB3CDF72393D04D008B30F6 /* XCRemoteSwiftPackageReference "QGrid" */ = {
			isa = XCRemoteSwiftPackageReference;
			repositoryURL = "https://github.com/Q-Mobile/QGrid";
			requirement = {
				kind = upToNextMajorVersion;
				minimumVersion = 0.1.3;
			};
		};
/* End XCRemoteSwiftPackageReference section */

/* Begin XCSwiftPackageProductDependency section */
		8CB3CDEF2393BE47008B30F6 /* GRDB */ = {
			isa = XCSwiftPackageProductDependency;
			package = 8CB3CDEE2393BE47008B30F6 /* XCRemoteSwiftPackageReference "GRDB.swift" */;
			productName = GRDB;
		};
		8CB3CDF82393D04E008B30F6 /* QGrid */ = {
			isa = XCSwiftPackageProductDependency;
			package = 8CB3CDF72393D04D008B30F6 /* XCRemoteSwiftPackageReference "QGrid" */;
			productName = QGrid;
		};
/* End XCSwiftPackageProductDependency section */
	};
	rootObject = 8CB3CDAC239397FD008B30F6 /* Project object */;
}
